
Microsoft Visual Studio Solution File, Format Version 12.00
# Visual Studio Version 16
VisualStudioVersion = 16.0.31321.278
MinimumVisualStudioVersion = 10.0.40219.1
Project("{9A19103F-16F7-4668-BE54-9A1E7A4F7556}") = "AkaShop.WebApp", "AkaShop.WebApp\AkaShop.WebApp.csproj", "{C80C8128-AEE9-4D82-9FC3-17BF862E5B96}"
EndProject
Project("{9A19103F-16F7-4668-BE54-9A1E7A4F7556}") = "AkaShop.Data", "AkaShop.Data\AkaShop.Data.csproj", "{3A360A83-8FDF-4FA6-879F-BBEB51B54279}"
EndProject
Project("{9A19103F-16F7-4668-BE54-9A1E7A4F7556}") = "AkaShop.Domain", "AkaShop.Domain\AkaShop.Domain.csproj", "{146FCC88-B633-4076-BCA5-BA4488B4089D}"
EndProject
Project("{9A19103F-16F7-4668-BE54-9A1E7A4F7556}") = "AkaShop.Utilities", "AkaShop.Utilities\AkaShop.Utilities.csproj", "{7E03D6E4-C3D7-4AAC-9494-3EFBAAE3768C}"
EndProject
Project("{9A19103F-16F7-4668-BE54-9A1E7A4F7556}") = "AkaShop.ViewModel", "AkaShop.ViewModel\AkaShop.ViewModel.csproj", "{C94B3332-6471-4571-9426-7ED16540636A}"
EndProject
Project("{9A19103F-16F7-4668-BE54-9A1E7A4F7556}") = "AkaShopBackendAPI", "AkaShopBackendAPI\AkaShopBackendAPI.csproj", "{616F8951-9954-4C5C-956B-6E0DC68F0376}"
EndProject
Project("{2150E333-8FDC-42A3-9474-1A3956D46DE8}") = "1.Infrastructure", "1.Infrastructure", "{76BBACD2-ADC0-4002-9C8B-7B029AFE4BCE}"
EndProject
Project("{2150E333-8FDC-42A3-9474-1A3956D46DE8}") = "2.Domain", "2.Domain", "{5A14CD90-6BFF-4F9B-9D81-C8958289FBE5}"
EndProject
Project("{2150E333-8FDC-42A3-9474-1A3956D46DE8}") = "3.Hosts", "3.Hosts", "{5553819A-6000-45F5-83F4-478AA63B760E}"
EndProject
Project("{FAE04EC0-301F-11D3-BF4B-00C04F79EFBC}") = "AkaShop.AdminApp", "AkaShop.AdminApp\AkaShop.AdminApp.csproj", "{A42AC936-31AB-4E34-B7B6-61977EEF3CDF}"
EndProject
Global
	GlobalSection(SolutionConfigurationPlatforms) = preSolution
		Debug|Any CPU = Debug|Any CPU
		Release|Any CPU = Release|Any CPU
	EndGlobalSection
	GlobalSection(ProjectConfigurationPlatforms) = postSolution
		{C80C8128-AEE9-4D82-9FC3-17BF862E5B96}.Debug|Any CPU.ActiveCfg = Debug|Any CPU
		{C80C8128-AEE9-4D82-9FC3-17BF862E5B96}.Debug|Any CPU.Build.0 = Debug|Any CPU
		{C80C8128-AEE9-4D82-9FC3-17BF862E5B96}.Release|Any CPU.ActiveCfg = Release|Any CPU
		{C80C8128-AEE9-4D82-9FC3-17BF862E5B96}.Release|Any CPU.Build.0 = Release|Any CPU
		{3A360A83-8FDF-4FA6-879F-BBEB51B54279}.Debug|Any CPU.ActiveCfg = Debug|Any CPU
		{3A360A83-8FDF-4FA6-879F-BBEB51B54279}.Debug|Any CPU.Build.0 = Debug|Any CPU
		{3A360A83-8FDF-4FA6-879F-BBEB51B54279}.Release|Any CPU.ActiveCfg = Release|Any CPU
		{3A360A83-8FDF-4FA6-879F-BBEB51B54279}.Release|Any CPU.Build.0 = Release|Any CPU
		{146FCC88-B633-4076-BCA5-BA4488B4089D}.Debug|Any CPU.ActiveCfg = Debug|Any CPU
		{146FCC88-B633-4076-BCA5-BA4488B4089D}.Debug|Any CPU.Build.0 = Debug|Any CPU
		{146FCC88-B633-4076-BCA5-BA4488B4089D}.Release|Any CPU.ActiveCfg = Release|Any CPU
		{146FCC88-B633-4076-BCA5-BA4488B4089D}.Release|Any CPU.Build.0 = Release|Any CPU
		{7E03D6E4-C3D7-4AAC-9494-3EFBAAE3768C}.Debug|Any CPU.ActiveCfg = Debug|Any CPU
		{7E03D6E4-C3D7-4AAC-9494-3EFBAAE3768C}.Debug|Any CPU.Build.0 = Debug|Any CPU
		{7E03D6E4-C3D7-4AAC-9494-3EFBAAE3768C}.Release|Any CPU.ActiveCfg = Release|Any CPU
		{7E03D6E4-C3D7-4AAC-9494-3EFBAAE3768C}.Release|Any CPU.Build.0 = Release|Any CPU
		{C94B3332-6471-4571-9426-7ED16540636A}.Debug|Any CPU.ActiveCfg = Debug|Any CPU
		{C94B3332-6471-4571-9426-7ED16540636A}.Debug|Any CPU.Build.0 = Debug|Any CPU
		{C94B3332-6471-4571-9426-7ED16540636A}.Release|Any CPU.ActiveCfg = Release|Any CPU
		{C94B3332-6471-4571-9426-7ED16540636A}.Release|Any CPU.Build.0 = Release|Any CPU
		{616F8951-9954-4C5C-956B-6E0DC68F0376}.Debug|Any CPU.ActiveCfg = Debug|Any CPU
		{616F8951-9954-4C5C-956B-6E0DC68F0376}.Debug|Any CPU.Build.0 = Debug|Any CPU
		{616F8951-9954-4C5C-956B-6E0DC68F0376}.Release|Any CPU.ActiveCfg = Release|Any CPU
		{616F8951-9954-4C5C-956B-6E0DC68F0376}.Release|Any CPU.Build.0 = Release|Any CPU
		{A42AC936-31AB-4E34-B7B6-61977EEF3CDF}.Debug|Any CPU.ActiveCfg = Debug|Any CPU
		{A42AC936-31AB-4E34-B7B6-61977EEF3CDF}.Debug|Any CPU.Build.0 = Debug|Any CPU
		{A42AC936-31AB-4E34-B7B6-61977EEF3CDF}.Release|Any CPU.ActiveCfg = Release|Any CPU
		{A42AC936-31AB-4E34-B7B6-61977EEF3CDF}.Release|Any CPU.Build.0 = Release|Any CPU
	EndGlobalSection
	GlobalSection(SolutionProperties) = preSolution
		HideSolutionNode = FALSE
	EndGlobalSection
	GlobalSection(NestedProjects) = preSolution
		{C80C8128-AEE9-4D82-9FC3-17BF862E5B96} = {5553819A-6000-45F5-83F4-478AA63B760E}
		{3A360A83-8FDF-4FA6-879F-BBEB51B54279} = {5A14CD90-6BFF-4F9B-9D81-C8958289FBE5}
		{146FCC88-B633-4076-BCA5-BA4488B4089D} = {5A14CD90-6BFF-4F9B-9D81-C8958289FBE5}
		{7E03D6E4-C3D7-4AAC-9494-3EFBAAE3768C} = {76BBACD2-ADC0-4002-9C8B-7B029AFE4BCE}
		{C94B3332-6471-4571-9426-7ED16540636A} = {76BBACD2-ADC0-4002-9C8B-7B029AFE4BCE}
		{616F8951-9954-4C5C-956B-6E0DC68F0376} = {5553819A-6000-45F5-83F4-478AA63B760E}
		{A42AC936-31AB-4E34-B7B6-61977EEF3CDF} = {5553819A-6000-45F5-83F4-478AA63B760E}
	EndGlobalSection
	GlobalSection(ExtensibilityGlobals) = postSolution
		SolutionGuid = {38E5C4E1-A4EC-41A3-9915-E1F079165C98}
	EndGlobalSection
EndGlobal
